
Microsoft Visual Studio Solution File, Format Version 12.00
# Visual Studio 2013
VisualStudioVersion = 12.0.30501.0
MinimumVisualStudioVersion = 10.0.40219.1
Project("{FAE04EC0-301F-11D3-BF4B-00C04F79EFBC}") = "DynamicRealTimeBikes", "DynamicRealTimeBikes\DynamicRealTimeBikes.csproj", "{4C212B1C-2178-4514-9DAD-C7D512B86064}"
EndProject
Project("{FAE04EC0-301F-11D3-BF4B-00C04F79EFBC}") = "DynamicRealTimeBikes.Common", "DynamicRealTimeBikes.Common\DynamicRealTimeBikes.Common.csproj", "{50458E2F-72CA-4CAA-A697-5CDB38A44D77}"
EndProject
Global
	GlobalSection(SolutionConfigurationPlatforms) = preSolution
		Debug|Any CPU = Debug|Any CPU
		Release|Any CPU = Release|Any CPU
	EndGlobalSection
	GlobalSection(ProjectConfigurationPlatforms) = postSolution
		{4C212B1C-2178-4514-9DAD-C7D512B86064}.Debug|Any CPU.ActiveCfg = Debug|Any CPU
		{4C212B1C-2178-4514-9DAD-C7D512B86064}.Debug|Any CPU.Build.0 = Debug|Any CPU
		{4C212B1C-2178-4514-9DAD-C7D512B86064}.Release|Any CPU.ActiveCfg = Release|Any CPU
		{4C212B1C-2178-4514-9DAD-C7D512B86064}.Release|Any CPU.Build.0 = Release|Any CPU
		{50458E2F-72CA-4CAA-A697-5CDB38A44D77}.Debug|Any CPU.ActiveCfg = Debug|Any CPU
		{50458E2F-72CA-4CAA-A697-5CDB38A44D77}.Debug|Any CPU.Build.0 = Debug|Any CPU
		{50458E2F-72CA-4CAA-A697-5CDB38A44D77}.Release|Any CPU.ActiveCfg = Release|Any CPU
		{50458E2F-72CA-4CAA-A697-5CDB38A44D77}.Release|Any CPU.Build.0 = Release|Any CPU
	EndGlobalSection
	GlobalSection(SolutionProperties) = preSolution
		HideSolutionNode = FALSE
	EndGlobalSection
EndGlobal
